<?xml version="1.0" encoding="utf-8"?>
<Project ToolsVersion="4.0" xmlns="http://schemas.microsoft.com/developer/msbuild/2003">
  <ItemGroup>
    <ClCompile Include="main.cpp" />
    <ClCompile Include="mesh.cpp" />
    <ClCompile Include="vkContext.cpp" />
  </ItemGroup>
  <ItemGroup>
    <ClInclude Include="mesh.h" />
    <ClInclude Include="utilities.h" />
    <ClInclude Include="vkContext.h" />
    <ClInclude Include="vkValidations.h" />
  </ItemGroup>
  <ItemGroup>
    <None Include="Shaders\shader.frag">
      <Filter>Shaders</Filter>
    </None>
    <None Include="Shaders\shader.vert">
      <Filter>Shaders</Filter>
    </None>
    <None Include="readme.md" />
  </ItemGroup>
  <ItemGroup>
    <Filter Include="Shaders">
      <UniqueIdentifier>{0f44d18b-cef8-4ab1-af61-50b9bf2e46c2}</UniqueIdentifier>
    </Filter>
  </ItemGroup>
</Project>